
Microsoft Visual Studio Solution File, Format Version 12.00
# Visual Studio Version 17
VisualStudioVersion = 17.8.34316.72
MinimumVisualStudioVersion = 10.0.40219.1
Project("{9A19103F-16F7-4668-BE54-9A1E7A4F7556}") = "Doador.API", "Doador.API\Doador.API.csproj", "{23D70A0E-9BD6-4608-BF33-CBDD9356E31C}"
EndProject
Project("{FAE04EC0-301F-11D3-BF4B-00C04F79EFBC}") = "Doador.Service", "Doador.Service\Doador.Service.csproj", "{F35E2C72-B81C-4F7C-B7B1-B77567CFA65A}"
EndProject
Project("{FAE04EC0-301F-11D3-BF4B-00C04F79EFBC}") = "Doador.Domain", "Doador.Domain\Doador.Domain.csproj", "{8D89441A-185C-4699-8267-8615000DDE4D}"
EndProject
Project("{FAE04EC0-301F-11D3-BF4B-00C04F79EFBC}") = "Doador.Repository", "Doador.Repository\Doador.Repository.csproj", "{F1EDE97F-DF4C-4D58-8AE8-840B7BC39E13}"
EndProject
Global
	GlobalSection(SolutionConfigurationPlatforms) = preSolution
		Debug|Any CPU = Debug|Any CPU
		Release|Any CPU = Release|Any CPU
	EndGlobalSection
	GlobalSection(ProjectConfigurationPlatforms) = postSolution
		{23D70A0E-9BD6-4608-BF33-CBDD9356E31C}.Debug|Any CPU.ActiveCfg = Debug|Any CPU
		{23D70A0E-9BD6-4608-BF33-CBDD9356E31C}.Debug|Any CPU.Build.0 = Debug|Any CPU
		{23D70A0E-9BD6-4608-BF33-CBDD9356E31C}.Release|Any CPU.ActiveCfg = Release|Any CPU
		{23D70A0E-9BD6-4608-BF33-CBDD9356E31C}.Release|Any CPU.Build.0 = Release|Any CPU
		{F35E2C72-B81C-4F7C-B7B1-B77567CFA65A}.Debug|Any CPU.ActiveCfg = Debug|Any CPU
		{F35E2C72-B81C-4F7C-B7B1-B77567CFA65A}.Debug|Any CPU.Build.0 = Debug|Any CPU
		{F35E2C72-B81C-4F7C-B7B1-B77567CFA65A}.Release|Any CPU.ActiveCfg = Release|Any CPU
		{F35E2C72-B81C-4F7C-B7B1-B77567CFA65A}.Release|Any CPU.Build.0 = Release|Any CPU
		{8D89441A-185C-4699-8267-8615000DDE4D}.Debug|Any CPU.ActiveCfg = Debug|Any CPU
		{8D89441A-185C-4699-8267-8615000DDE4D}.Debug|Any CPU.Build.0 = Debug|Any CPU
		{8D89441A-185C-4699-8267-8615000DDE4D}.Release|Any CPU.ActiveCfg = Release|Any CPU
		{8D89441A-185C-4699-8267-8615000DDE4D}.Release|Any CPU.Build.0 = Release|Any CPU
		{F1EDE97F-DF4C-4D58-8AE8-840B7BC39E13}.Debug|Any CPU.ActiveCfg = Debug|Any CPU
		{F1EDE97F-DF4C-4D58-8AE8-840B7BC39E13}.Debug|Any CPU.Build.0 = Debug|Any CPU
		{F1EDE97F-DF4C-4D58-8AE8-840B7BC39E13}.Release|Any CPU.ActiveCfg = Release|Any CPU
		{F1EDE97F-DF4C-4D58-8AE8-840B7BC39E13}.Release|Any CPU.Build.0 = Release|Any CPU
	EndGlobalSection
	GlobalSection(SolutionProperties) = preSolution
		HideSolutionNode = FALSE
	EndGlobalSection
	GlobalSection(ExtensibilityGlobals) = postSolution
		SolutionGuid = {FCC3ACD7-43D0-4F38-90D6-60E7799D7DDD}
	EndGlobalSection
EndGlobal
